
Microsoft Visual Studio Solution File, Format Version 12.00
# Visual Studio Version 17
VisualStudioVersion = 17.0.32014.148
MinimumVisualStudioVersion = 10.0.40219.1
Project("{FAE04EC0-301F-11D3-BF4B-00C04F79EFBC}") = "Singleton Pattern", "Singleton Pattern\Singleton Pattern.csproj", "{4093875A-DD53-407F-9DF4-B0D0BC107E31}"
EndProject
Global
	GlobalSection(SolutionConfigurationPlatforms) = preSolution
		Debug|Any CPU = Debug|Any CPU
		Release|Any CPU = Release|Any CPU
	EndGlobalSection
	GlobalSection(ProjectConfigurationPlatforms) = postSolution
		{4093875A-DD53-407F-9DF4-B0D0BC107E31}.Debug|Any CPU.ActiveCfg = Debug|Any CPU
		{4093875A-DD53-407F-9DF4-B0D0BC107E31}.Debug|Any CPU.Build.0 = Debug|Any CPU
		{4093875A-DD53-407F-9DF4-B0D0BC107E31}.Release|Any CPU.ActiveCfg = Release|Any CPU
		{4093875A-DD53-407F-9DF4-B0D0BC107E31}.Release|Any CPU.Build.0 = Release|Any CPU
	EndGlobalSection
	GlobalSection(SolutionProperties) = preSolution
		HideSolutionNode = FALSE
	EndGlobalSection
	GlobalSection(ExtensibilityGlobals) = postSolution
		SolutionGuid = {E729494A-A461-4519-838B-D13F639AFFA1}
	EndGlobalSection
EndGlobal
